../../output/mouse/matrix/gene/count_matrix_exon.txt
../../output/mouse/matrix/gene/count_matrix_exon.txt.summary
../../output/mouse/matrix/gene/CPM-TMM_matrix_exon.txt
../../output/mouse/matrix/TE/gene_id/count_matrix_exon.txt
../../output/mouse/matrix/TE/transcript_id/count_matrix_exon.txt
../../output/mouse/matrix/TE/family_id/count_matrix_exon.txt
../../output/mouse/matrix/TE/class_id/count_matrix_exon.txt
../../output/mouse/matrix/TE/gene_id/count_matrix_exon.txt.summary
../../output/mouse/matrix/TE/transcript_id/count_matrix_exon.txt.summary
../../output/mouse/matrix/TE/family_id/count_matrix_exon.txt.summary
../../output/mouse/matrix/TE/class_id/count_matrix_exon.txt.summary
../../output/mouse/matrix/TE/gene_id/CPM-TMM_matrix_exon.txt
../../output/mouse/matrix/TE/transcript_id/CPM-TMM_matrix_exon.txt
../../output/mouse/matrix/TE/family_id/CPM-TMM_matrix_exon.txt
../../output/mouse/matrix/TE/class_id/CPM-TMM_matrix_exon.txt
../../output/mouse/wig/UCS_1A.bigwig
../../output/mouse/wig/CON_1A.bigwig
../../output/mouse/wig/CON_2A.bigwig
../../output/mouse/wig/UCS_2A.bigwig
../../output/mouse/fragment/FragmentSize.txt
../../output/mouse/fragment/FragmentSize.png
../../output/mouse/bam-sorted-deduped/UCS_1A.bam
../../output/mouse/bam-sorted-deduped/CON_1A.bam
../../output/mouse/bam-sorted-deduped/CON_2A.bam
../../output/mouse/bam-sorted-deduped/UCS_2A.bam
../../output/mouse/RG/UCS_1A.bam
../../output/mouse/bam-sorted/UCS_1A.bam
../../output/mouse/bam/UCS_1A.bam
../../output/mouse/cutadapt/UCS_1A_1.fq.gz
../../output/mouse/cutadapt/UCS_1A_2.fq.gz
../../data/fq/UCS_1A_1.fq.gz
../../data/fq/UCS_1A_2.fq.gz
../../output/mouse/RG/CON_1A.bam
../../output/mouse/bam-sorted/CON_1A.bam
../../output/mouse/bam/CON_1A.bam
../../output/mouse/cutadapt/CON_1A_1.fq.gz
../../output/mouse/cutadapt/CON_1A_2.fq.gz
../../data/fq/CON_1A_1.fq.gz
../../data/fq/CON_1A_2.fq.gz
../../output/mouse/RG/CON_2A.bam
../../output/mouse/bam-sorted/CON_2A.bam
../../output/mouse/bam/CON_2A.bam
../../output/mouse/cutadapt/CON_2A_1.fq.gz
../../output/mouse/cutadapt/CON_2A_2.fq.gz
../../data/fq/CON_2A_1.fq.gz
../../data/fq/CON_2A_2.fq.gz
../../output/mouse/RG/UCS_2A.bam
../../output/mouse/bam-sorted/UCS_2A.bam
../../output/mouse/bam/UCS_2A.bam
../../output/mouse/cutadapt/UCS_2A_1.fq.gz
../../output/mouse/cutadapt/UCS_2A_2.fq.gz
../../data/fq/UCS_2A_1.fq.gz
../../data/fq/UCS_2A_2.fq.gz
../../output/mouse/bam-sorted-deduped/UCS_1A.bam
../../output/mouse/bam-sorted-deduped/CON_1A.bam
../../output/mouse/bam-sorted-deduped/CON_2A.bam
../../output/mouse/bam-sorted-deduped/UCS_2A.bam
../../output/mouse/bam-sorted-deduped/UCS_1A.bam
../../output/mouse/bam-sorted-deduped/CON_1A.bam
../../output/mouse/bam-sorted-deduped/CON_2A.bam
../../output/mouse/bam-sorted-deduped/UCS_2A.bam
../../output/mouse/bam-sorted-deduped/UCS_1A.bam
../../output/mouse/bam-sorted-deduped/CON_1A.bam
../../output/mouse/bam-sorted-deduped/CON_2A.bam
../../output/mouse/bam-sorted-deduped/UCS_2A.bam
../../output/mouse/bam-sorted-deduped/UCS_1A.bam
../../output/mouse/bam-sorted-deduped/CON_1A.bam
../../output/mouse/bam-sorted-deduped/CON_2A.bam
../../output/mouse/bam-sorted-deduped/UCS_2A.bam
../../output/mouse/bam/UCS_1A.bam
../../output/mouse/bam/CON_1A.bam
../../output/mouse/bam/CON_2A.bam
../../output/mouse/bam/UCS_2A.bam
../../output/mouse/stats/UCS_1A/UCS_1A.txt
../../output/mouse/stats/CON_1A/CON_1A.txt
../../output/mouse/stats/CON_2A/CON_2A.txt
../../output/mouse/stats/UCS_2A/UCS_2A.txt
../../output/mouse/bam/UCS_1A.bam
../../output/mouse/bam/CON_1A.bam
../../output/mouse/bam/CON_2A.bam
../../output/mouse/bam/UCS_2A.bam
